
Microsoft Visual Studio Solution File, Format Version 12.00
# Visual Studio Version 17
VisualStudioVersion = 17.8.34525.116
MinimumVisualStudioVersion = 10.0.40219.1
Project("{FAE04EC0-301F-11D3-BF4B-00C04F79EFBC}") = "21.06.24", "21.06.24\21.06.24.csproj", "{18640AD9-1625-4951-A400-9678F313A698}"
EndProject
Global
	GlobalSection(SolutionConfigurationPlatforms) = preSolution
		Debug|Any CPU = Debug|Any CPU
		Release|Any CPU = Release|Any CPU
	EndGlobalSection
	GlobalSection(ProjectConfigurationPlatforms) = postSolution
		{18640AD9-1625-4951-A400-9678F313A698}.Debug|Any CPU.ActiveCfg = Debug|Any CPU
		{18640AD9-1625-4951-A400-9678F313A698}.Debug|Any CPU.Build.0 = Debug|Any CPU
		{18640AD9-1625-4951-A400-9678F313A698}.Release|Any CPU.ActiveCfg = Release|Any CPU
		{18640AD9-1625-4951-A400-9678F313A698}.Release|Any CPU.Build.0 = Release|Any CPU
	EndGlobalSection
	GlobalSection(SolutionProperties) = preSolution
		HideSolutionNode = FALSE
	EndGlobalSection
	GlobalSection(ExtensibilityGlobals) = postSolution
		SolutionGuid = {731DAD11-5DE3-4C87-8389-364CBD052B18}
	EndGlobalSection
EndGlobal
